
Microsoft Visual Studio Solution File, Format Version 12.00
# Visual Studio Version 17
VisualStudioVersion = 17.0.31903.59
MinimumVisualStudioVersion = 10.0.40219.1
Project("{9A19103F-16F7-4668-BE54-9A1E7A4F7556}") = "CarbonAware", "CarbonAware\CarbonAware.csproj", "{40FC1BA4-ABDB-4D9F-A53A-8F44F0AC67DA}"
EndProject
Project("{9A19103F-16F7-4668-BE54-9A1E7A4F7556}") = "CarbonAware.Plugins.BasicJsonPlugin", "CarbonAware.Plugins.BasicJsonPlugin\CarbonAware.Plugins.BasicJsonPlugin.csproj", "{7F8C741C-3101-44F9-A352-B5CBEC00FEFC}"
EndProject
Project("{9A19103F-16F7-4668-BE54-9A1E7A4F7556}") = "CarbonAware.Plugins.BasicJsonPlugin.Tests", "CarbonAware.Plugins.BasicJsonPlugin.Tests\CarbonAware.Plugins.BasicJsonPlugin.Tests.csproj", "{0B53454A-CB47-41D2-8A39-5C056E43695C}"
EndProject
Project("{9A19103F-16F7-4668-BE54-9A1E7A4F7556}") = "CarbonAware.CLI", "CarbonAware.CLI\CarbonAware.CLI.csproj", "{D057DD75-CFFA-496F-B493-171E122AC91D}"
EndProject
Project("{9A19103F-16F7-4668-BE54-9A1E7A4F7556}") = "CarbonAware.WebApi", "CarbonAware.WebApi\CarbonAware.WebApi.csproj", "{1A606EAE-C8BE-454F-B3F7-C649C9293B65}"
EndProject
Project("{9A19103F-16F7-4668-BE54-9A1E7A4F7556}") = "CarbonAware.Tests", "CarbonAware.Tests\CarbonAware.Tests.csproj", "{834D7E6B-8807-4808-96CF-1BCA36C17F6D}"
EndProject
Project("{9A19103F-16F7-4668-BE54-9A1E7A4F7556}") = "CarbonAware.Tools.AWSRegionTestDataGenerator", "CarbonAware.Tools.AWSRegionTestDataGenerator\CarbonAware.Tools.AWSRegionTestDataGenerator.csproj", "{58D5E35B-E717-4C73-B034-AA6EFEB7AA17}"
EndProject
Project("{9A19103F-16F7-4668-BE54-9A1E7A4F7556}") = "CarbonAware.Tools.AzureRegionTestDataGenerator", "CarbonAware.Tools.AzureRegionTestDataGenerator\CarbonAware.Tools.AzureRegionTestDataGenerator.csproj", "{8B5D8681-D9A5-4AA1-BA13-3E6D86D3082A}"
EndProject
Project("{9A19103F-16F7-4668-BE54-9A1E7A4F7556}") = "CarbonAware.Tools.WattTimeClient", "CarbonAware.Tools.WattTimeClient\CarbonAware.Tools.WattTimeClient.csproj", "{BDA9EDD2-291A-4554-A617-27923FEDCB9B}"
EndProject
Project("{FAE04EC0-301F-11D3-BF4B-00C04F79EFBC}") = "CarbonAware.Tools.WattTimeClient.Tests", "CarbonAware.Tools.WattTimeClient.Tests\CarbonAware.Tools.WattTimeClient.Tests.csproj", "{9122F502-56BB-4B44-9E9D-F481A043963A}"
EndProject
Global
	GlobalSection(SolutionConfigurationPlatforms) = preSolution
		Debug|Any CPU = Debug|Any CPU
		Release|Any CPU = Release|Any CPU
	EndGlobalSection
	GlobalSection(ProjectConfigurationPlatforms) = postSolution
		{40FC1BA4-ABDB-4D9F-A53A-8F44F0AC67DA}.Debug|Any CPU.ActiveCfg = Debug|Any CPU
		{40FC1BA4-ABDB-4D9F-A53A-8F44F0AC67DA}.Debug|Any CPU.Build.0 = Debug|Any CPU
		{40FC1BA4-ABDB-4D9F-A53A-8F44F0AC67DA}.Release|Any CPU.ActiveCfg = Release|Any CPU
		{40FC1BA4-ABDB-4D9F-A53A-8F44F0AC67DA}.Release|Any CPU.Build.0 = Release|Any CPU
		{7F8C741C-3101-44F9-A352-B5CBEC00FEFC}.Debug|Any CPU.ActiveCfg = Debug|Any CPU
		{7F8C741C-3101-44F9-A352-B5CBEC00FEFC}.Debug|Any CPU.Build.0 = Debug|Any CPU
		{7F8C741C-3101-44F9-A352-B5CBEC00FEFC}.Release|Any CPU.ActiveCfg = Release|Any CPU
		{7F8C741C-3101-44F9-A352-B5CBEC00FEFC}.Release|Any CPU.Build.0 = Release|Any CPU
		{0B53454A-CB47-41D2-8A39-5C056E43695C}.Debug|Any CPU.ActiveCfg = Debug|Any CPU
		{0B53454A-CB47-41D2-8A39-5C056E43695C}.Debug|Any CPU.Build.0 = Debug|Any CPU
		{0B53454A-CB47-41D2-8A39-5C056E43695C}.Release|Any CPU.ActiveCfg = Release|Any CPU
		{0B53454A-CB47-41D2-8A39-5C056E43695C}.Release|Any CPU.Build.0 = Release|Any CPU
		{D057DD75-CFFA-496F-B493-171E122AC91D}.Debug|Any CPU.ActiveCfg = Debug|Any CPU
		{D057DD75-CFFA-496F-B493-171E122AC91D}.Debug|Any CPU.Build.0 = Debug|Any CPU
		{D057DD75-CFFA-496F-B493-171E122AC91D}.Release|Any CPU.ActiveCfg = Release|Any CPU
		{D057DD75-CFFA-496F-B493-171E122AC91D}.Release|Any CPU.Build.0 = Release|Any CPU
		{1A606EAE-C8BE-454F-B3F7-C649C9293B65}.Debug|Any CPU.ActiveCfg = Debug|Any CPU
		{1A606EAE-C8BE-454F-B3F7-C649C9293B65}.Debug|Any CPU.Build.0 = Debug|Any CPU
		{1A606EAE-C8BE-454F-B3F7-C649C9293B65}.Release|Any CPU.ActiveCfg = Release|Any CPU
		{1A606EAE-C8BE-454F-B3F7-C649C9293B65}.Release|Any CPU.Build.0 = Release|Any CPU
		{834D7E6B-8807-4808-96CF-1BCA36C17F6D}.Debug|Any CPU.ActiveCfg = Debug|Any CPU
		{834D7E6B-8807-4808-96CF-1BCA36C17F6D}.Debug|Any CPU.Build.0 = Debug|Any CPU
		{834D7E6B-8807-4808-96CF-1BCA36C17F6D}.Release|Any CPU.ActiveCfg = Release|Any CPU
		{834D7E6B-8807-4808-96CF-1BCA36C17F6D}.Release|Any CPU.Build.0 = Release|Any CPU
		{58D5E35B-E717-4C73-B034-AA6EFEB7AA17}.Debug|Any CPU.ActiveCfg = Debug|Any CPU
		{58D5E35B-E717-4C73-B034-AA6EFEB7AA17}.Debug|Any CPU.Build.0 = Debug|Any CPU
		{58D5E35B-E717-4C73-B034-AA6EFEB7AA17}.Release|Any CPU.ActiveCfg = Release|Any CPU
		{58D5E35B-E717-4C73-B034-AA6EFEB7AA17}.Release|Any CPU.Build.0 = Release|Any CPU
		{8B5D8681-D9A5-4AA1-BA13-3E6D86D3082A}.Debug|Any CPU.ActiveCfg = Debug|Any CPU
		{8B5D8681-D9A5-4AA1-BA13-3E6D86D3082A}.Debug|Any CPU.Build.0 = Debug|Any CPU
		{8B5D8681-D9A5-4AA1-BA13-3E6D86D3082A}.Release|Any CPU.ActiveCfg = Release|Any CPU
		{8B5D8681-D9A5-4AA1-BA13-3E6D86D3082A}.Release|Any CPU.Build.0 = Release|Any CPU
		{BDA9EDD2-291A-4554-A617-27923FEDCB9B}.Debug|Any CPU.ActiveCfg = Debug|Any CPU
		{BDA9EDD2-291A-4554-A617-27923FEDCB9B}.Debug|Any CPU.Build.0 = Debug|Any CPU
		{BDA9EDD2-291A-4554-A617-27923FEDCB9B}.Release|Any CPU.ActiveCfg = Release|Any CPU
		{BDA9EDD2-291A-4554-A617-27923FEDCB9B}.Release|Any CPU.Build.0 = Release|Any CPU
		{9122F502-56BB-4B44-9E9D-F481A043963A}.Debug|Any CPU.ActiveCfg = Debug|Any CPU
		{9122F502-56BB-4B44-9E9D-F481A043963A}.Debug|Any CPU.Build.0 = Debug|Any CPU
		{9122F502-56BB-4B44-9E9D-F481A043963A}.Release|Any CPU.ActiveCfg = Release|Any CPU
		{9122F502-56BB-4B44-9E9D-F481A043963A}.Release|Any CPU.Build.0 = Release|Any CPU
	EndGlobalSection
	GlobalSection(SolutionProperties) = preSolution
		HideSolutionNode = FALSE
	EndGlobalSection
	GlobalSection(ExtensibilityGlobals) = postSolution
		SolutionGuid = {B21A5E96-73BC-4BC1-86C7-4A4FE4634C34}
	EndGlobalSection
EndGlobal
